PODS:
  - DeepDiff (2.2.0)
  - Giphy (1.1.6):
    - DeepDiff (~> 2.2.0)
    - libwebp
    - PINCache
  - libwebp (1.0.3):
    - libwebp/demux (= 1.0.3)
    - libwebp/mux (= 1.0.3)
    - libwebp/webp (= 1.0.3)
  - libwebp/demux (1.0.3):
    - libwebp/webp
  - libwebp/mux (1.0.3):
    - libwebp/demux
  - libwebp/webp (1.0.3)
  - PINCache (2.3)
  - SDWebImage (5.3.0):
    - SDWebImage/Core (= 5.3.0)
  - SDWebImage/Core (5.3.0)

DEPENDENCIES:
  - Giphy
  - SDWebImage

SPEC REPOS:
  https://github.com/cocoapods/specs.git:
    - DeepDiff
    - Giphy
    - libwebp
    - PINCache
    - SDWebImage

SPEC CHECKSUMS:
  DeepDiff: e329bc46dd14ca788d8ec08d34420799ba1d77f2
  Giphy: 3c0ab5869df8fb090b98e663d9a011476d644a61
  libwebp: 057912d6d0abfb6357d8bb05c0ea470301f5d61e
  PINCache: ce36ed282031b92fc7733ffe831f474ff80fddc2
  SDWebImage: f1afa74b86587c2c63f4e80dfd39b21e3c17b45b

PODFILE CHECKSUM: 4adde0ba4405dda5a0f46e35890e38e50cc9c16d

COCOAPODS: 1.7.5
